{
  "name": "simple-node-project",
  "version": "1.0.0",
  "lockfileVersion": 2,
  "requires": true,
  "packages": {
    // Many packages listed here with detailed information about versions and dependencies
  },
  "dependencies": {
    "express": {
      "version": "4.17.1",
      "resolved": "https://registry.npmjs.org/express/-/express-4.17.1.tgz",
      "integrity": "sha512-QsCL7sCuG3hguCjukQiZ18wl2M/Bf+gkUy7S/0mBypBkNB24RH6k/10wH/reLmqZ//ppnuCcnZlvCMZ+Vt5OOw==",
      "dev": false,
      "dependencies": {
        "accepts": "~1.3.7",
        // More sub-dependencies listed here
      }
    },
    // More dependencies listed here
  },
  "devDependencies": {
    "jest": {
      "version": "27.0.0",
      "resolved": "https://registry.npmjs.org/jest/-/jest-27.0.0.tgz",
      "integrity": "sha512-OZkQPr/Q6t6Zib6cQJavPFjmla6+4h7nlTnnm71ad+D37bSKJYkx1mW1Eq8Hs0Y3AGF2nybCXnROEJvjGdqD2Q==",
      "dev": true,
      "dependencies": {
        // Jest dependencies listed here
      }
    },
    // More devDependencies listed here
  }
}
